
Microsoft Visual Studio Solution File, Format Version 12.00
# Visual Studio Version 16
VisualStudioVersion = 16.0.30204.135
MinimumVisualStudioVersion = 10.0.40219.1
Project("{FAE04EC0-301F-11D3-BF4B-00C04F79EFBC}") = "Shop", "Shop\Shop.csproj", "{C0418676-A4C1-4259-AD66-00F4729C0FB8}"
EndProject
Global
	GlobalSection(SolutionConfigurationPlatforms) = preSolution
		Debug|Any CPU = Debug|Any CPU
		Release|Any CPU = Release|Any CPU
	EndGlobalSection
	GlobalSection(ProjectConfigurationPlatforms) = postSolution
		{C0418676-A4C1-4259-AD66-00F4729C0FB8}.Debug|Any CPU.ActiveCfg = Debug|Any CPU
		{C0418676-A4C1-4259-AD66-00F4729C0FB8}.Debug|Any CPU.Build.0 = Debug|Any CPU
		{C0418676-A4C1-4259-AD66-00F4729C0FB8}.Release|Any CPU.ActiveCfg = Release|Any CPU
		{C0418676-A4C1-4259-AD66-00F4729C0FB8}.Release|Any CPU.Build.0 = Release|Any CPU
	EndGlobalSection
	GlobalSection(SolutionProperties) = preSolution
		HideSolutionNode = FALSE
	EndGlobalSection
	GlobalSection(ExtensibilityGlobals) = postSolution
		SolutionGuid = {3D461610-30F0-4A1E-BA90-E43AAE758432}
	EndGlobalSection
EndGlobal
